
Microsoft Visual Studio Solution File, Format Version 12.00
# Visual Studio 15
VisualStudioVersion = 15.0.27130.2024
MinimumVisualStudioVersion = 10.0.40219.1
Project("{FAE04EC0-301F-11D3-BF4B-00C04F79EFBC}") = "Projekt_VN", "Projekt_VN\Projekt_VN.csproj", "{2B5924F9-62AC-4BE9-8F13-6D842832F357}"
EndProject
Global
	GlobalSection(SolutionConfigurationPlatforms) = preSolution
		Debug|Any CPU = Debug|Any CPU
		Release|Any CPU = Release|Any CPU
	EndGlobalSection
	GlobalSection(ProjectConfigurationPlatforms) = postSolution
		{2B5924F9-62AC-4BE9-8F13-6D842832F357}.Debug|Any CPU.ActiveCfg = Debug|Any CPU
		{2B5924F9-62AC-4BE9-8F13-6D842832F357}.Debug|Any CPU.Build.0 = Debug|Any CPU
		{2B5924F9-62AC-4BE9-8F13-6D842832F357}.Release|Any CPU.ActiveCfg = Release|Any CPU
		{2B5924F9-62AC-4BE9-8F13-6D842832F357}.Release|Any CPU.Build.0 = Release|Any CPU
	EndGlobalSection
	GlobalSection(SolutionProperties) = preSolution
		HideSolutionNode = FALSE
	EndGlobalSection
	GlobalSection(ExtensibilityGlobals) = postSolution
		SolutionGuid = {7FA6BD5B-9E24-4968-A964-67C95CD1BC52}
	EndGlobalSection
EndGlobal
